{
  "originHash" : "c6271b3c13fb836d6fc93bfae109d64d254ed5b59fe1ed07eb7c35e1dd92dc61",
  "pins" : [
    {
      "identity" : "nntestkit",
      "kind" : "remoteSourceControl",
      "location" : "https://github.com/nikolainobadi/NnTestKit.git",
      "state" : {
        "revision" : "a0e61772d4110c99a09add0f908f57202b056644",
        "version" : "1.2.1"
      }
    },
    {
      "identity" : "swift-package-manager-google-mobile-ads",
      "kind" : "remoteSourceControl",
      "location" : "https://github.com/googleads/swift-package-manager-google-mobile-ads.git",
      "state" : {
        "revision" : "585b1decdb5aab02c0695032908e87684ec31705",
        "version" : "12.3.0"
      }
    },
    {
      "identity" : "swift-package-manager-google-user-messaging-platform",
      "kind" : "remoteSourceControl",
      "location" : "https://github.com/googleads/swift-package-manager-google-user-messaging-platform.git",
      "state" : {
        "revision" : "69b53394c5258b3fe688e625a998047d1f393497",
        "version" : "3.0.0"
      }
    }
  ],
  "version" : 3
}
